
Microsoft Visual Studio Solution File, Format Version 12.00
# Visual Studio Version 16
VisualStudioVersion = 16.0.31025.194
MinimumVisualStudioVersion = 10.0.40219.1
Project("{FAE04EC0-301F-11D3-BF4B-00C04F79EFBC}") = "KayisiBank", "KayisiBank\KayisiBank.csproj", "{669C6E37-8BA6-40BB-9500-09B28A32D032}"
EndProject
Global
	GlobalSection(SolutionConfigurationPlatforms) = preSolution
		Debug|Any CPU = Debug|Any CPU
		Release|Any CPU = Release|Any CPU
	EndGlobalSection
	GlobalSection(ProjectConfigurationPlatforms) = postSolution
		{669C6E37-8BA6-40BB-9500-09B28A32D032}.Debug|Any CPU.ActiveCfg = Debug|Any CPU
		{669C6E37-8BA6-40BB-9500-09B28A32D032}.Debug|Any CPU.Build.0 = Debug|Any CPU
		{669C6E37-8BA6-40BB-9500-09B28A32D032}.Release|Any CPU.ActiveCfg = Release|Any CPU
		{669C6E37-8BA6-40BB-9500-09B28A32D032}.Release|Any CPU.Build.0 = Release|Any CPU
	EndGlobalSection
	GlobalSection(SolutionProperties) = preSolution
		HideSolutionNode = FALSE
	EndGlobalSection
	GlobalSection(ExtensibilityGlobals) = postSolution
		SolutionGuid = {58D6FC85-196E-40BC-9B3D-D3AFF521A305}
	EndGlobalSection
EndGlobal
